
Microsoft Visual Studio Solution File, Format Version 12.00
Project("{FAE04EC0-301F-11D3-BF4B-00C04F79EFBC}") = "CodePointEnumGenerator", "CodePointEnumGenerator\CodePointEnumGenerator.csproj", "{3F443279-8727-422F-AA6C-970AA025BCEB}"
EndProject
Project("{FAE04EC0-301F-11D3-BF4B-00C04F79EFBC}") = "CodePointEnumGenerator.Tests", "CodePointEnumGenerator.Tests\CodePointEnumGenerator.Tests.csproj", "{0DC02F97-8391-4B43-BD5E-227632046019}"
EndProject
Global
	GlobalSection(SolutionConfigurationPlatforms) = preSolution
		Debug|Any CPU = Debug|Any CPU
		Release|Any CPU = Release|Any CPU
	EndGlobalSection
	GlobalSection(ProjectConfigurationPlatforms) = postSolution
		{3F443279-8727-422F-AA6C-970AA025BCEB}.Debug|Any CPU.ActiveCfg = Debug|Any CPU
		{3F443279-8727-422F-AA6C-970AA025BCEB}.Debug|Any CPU.Build.0 = Debug|Any CPU
		{3F443279-8727-422F-AA6C-970AA025BCEB}.Release|Any CPU.ActiveCfg = Release|Any CPU
		{3F443279-8727-422F-AA6C-970AA025BCEB}.Release|Any CPU.Build.0 = Release|Any CPU
		{0DC02F97-8391-4B43-BD5E-227632046019}.Debug|Any CPU.ActiveCfg = Debug|Any CPU
		{0DC02F97-8391-4B43-BD5E-227632046019}.Debug|Any CPU.Build.0 = Debug|Any CPU
		{0DC02F97-8391-4B43-BD5E-227632046019}.Release|Any CPU.ActiveCfg = Release|Any CPU
		{0DC02F97-8391-4B43-BD5E-227632046019}.Release|Any CPU.Build.0 = Release|Any CPU
	EndGlobalSection
EndGlobal
